{
    "_readme": [
        "This file locks the dependencies of your project to a known state",
        "Read more about it at https://getcomposer.org/doc/01-basic-usage.md#composer-lock-the-lock-file",
        "This file is @generated automatically"
    ],
    "content-hash": "19148e4b2f1f6fa7fafff13865c04ab1",
    "packages": [
        {
            "name": "aura/di",
            "version": "3.2.0",
            "source": {
                "type": "git",
                "url": "https://github.com/auraphp/Aura.Di.git",
                "reference": "76824bdeae99e46e6ae06f29e4bdf86063da86b9"
            },
            "dist": {
                "type": "zip",
                "url": "https://api.github.com/repos/auraphp/Aura.Di/zipball/76824bdeae99e46e6ae06f29e4bdf86063da86b9",
                "reference": "76824bdeae99e46e6ae06f29e4bdf86063da86b9",
                "shasum": ""
            },
            "require": {
                "container-interop/container-interop": "~1.0",
                "php": ">=5.5.0"
            },
            "provide": {
                "container-interop/container-interop-implementation": "^1.0"
            },
            "require-dev": {
                "acclimate/container": "~1.0",
                "mouf/picotainer": "~1.0"
            },
            "type": "library",
            "autoload": {
                "psr-4": {
                    "Aura\\Di\\": "src/"
                }
            },
            "notification-url": "https://packagist.org/downloads/",
            "license": [
                "MIT"
            ],
            "authors": [
                {
                    "name": "Aura.Di Contributors",
                    "homepage": "https://github.com/auraphp/Aura.Di/contributors"
                }
            ],
            "description": "A serializable dependency injection container with constructor and setter injection, interface and trait awareness, configuration inheritance, and much more.",
            "homepage": "https://github.com/auraphp/Aura.Di",
            "keywords": [
                "container",
                "dependency injection",
                "dependency injection container",
                "di",
                "di container"
            ],
            "time": "2016-10-04T15:52:29+00:00"
        },
        {
            "name": "byrokrat/amount",
            "version": "1.0.2",
            "source": {
                "type": "git",
                "url": "https://github.com/byrokrat/amount.git",
                "reference": "9792a840ae97aebe26df111071857d49c0acf52f"
            },
            "dist": {
                "type": "zip",
                "url": "https://api.github.com/repos/byrokrat/amount/zipball/9792a840ae97aebe26df111071857d49c0acf52f",
                "reference": "9792a840ae97aebe26df111071857d49c0acf52f",
                "shasum": ""
            },
            "require": {
                "ext-bcmath": "*",
                "php": ">=5.4"
            },
            "require-dev": {
                "ext-intl": "*"
            },
            "type": "library",
            "autoload": {
                "psr-4": {
                    "byrokrat\\amount\\": "src/"
                }
            },
            "notification-url": "https://packagist.org/downloads/",
            "license": [
                "WTFPL"
            ],
            "authors": [
                {
                    "name": "Hannes Forsgård",
                    "email": "hannes.forsgard@fripost.org"
                }
            ],
            "description": "Value objects for monetary amounts",
            "homepage": "https://github.com/byrokrat/amount",
            "keywords": [
                "currency",
                "economics",
                "monetary amount",
                "money"
            ],
            "time": "2016-08-18T20:56:38+00:00"
        },
        {
            "name": "byrokrat/autogiro",
            "version": "dev-master",
            "source": {
                "type": "git",
                "url": "https://github.com/byrokrat/autogiro.git",
                "reference": "2c0bf4d25d3ee037085dd80f65653900ec82e5f9"
            },
            "dist": {
                "type": "zip",
                "url": "https://api.github.com/repos/byrokrat/autogiro/zipball/2c0bf4d25d3ee037085dd80f65653900ec82e5f9",
                "reference": "2c0bf4d25d3ee037085dd80f65653900ec82e5f9",
                "shasum": ""
            },
            "require": {
                "byrokrat/amount": "^1.0",
                "byrokrat/banking": "^1.4",
                "byrokrat/id": "^1.0",
                "ext-mbstring": "*",
                "php": "^7.0"
            },
            "require-dev": {
                "scato/phpeg": "^1.0"
            },
            "type": "library",
            "autoload": {
                "psr-4": {
                    "byrokrat\\autogiro\\": [
                        "src/"
                    ]
                }
            },
            "notification-url": "https://packagist.org/downloads/",
            "license": [
                "GPL-3.0"
            ],
            "authors": [
                {
                    "name": "Hannes Forsgård",
                    "email": "hannes.forsgard@fripost.org"
                }
            ],
            "description": "Read and write files for the swedish direct debit system autogirot",
            "homepage": "https://github.com/byrokrat/autogiro",
            "keywords": [
                "autogiro"
            ],
            "time": "2017-01-19 13:42:23"
        },
        {
            "name": "byrokrat/banking",
            "version": "1.4.0",
            "source": {
                "type": "git",
                "url": "https://github.com/byrokrat/banking.git",
                "reference": "665ddeceff91532e972fb6c3326f7b28ddbfbcc2"
            },
            "dist": {
                "type": "zip",
                "url": "https://api.github.com/repos/byrokrat/banking/zipball/665ddeceff91532e972fb6c3326f7b28ddbfbcc2",
                "reference": "665ddeceff91532e972fb6c3326f7b28ddbfbcc2",
                "shasum": ""
            },
            "require": {
                "byrokrat/checkdigit": "~1.0",
                "byrokrat/id": "~1.0",
                "php": ">=5.5"
            },
            "type": "library",
            "autoload": {
                "psr-4": {
                    "byrokrat\\banking\\": "src/"
                }
            },
            "notification-url": "https://packagist.org/downloads/",
            "license": [
                "WTFPL"
            ],
            "authors": [
                {
                    "name": "Hannes Forsgård",
                    "email": "hannes.forsgard@fripost.org"
                }
            ],
            "description": "Data types for accounts in the swedish banking system",
            "homepage": "https://github.com/byrokrat/banking",
            "keywords": [
                "Nordea",
                "Swedbank",
                "bankgiro",
                "plusgiro",
                "seb"
            ],
            "time": "2017-01-08T14:26:32+00:00"
        },
        {
            "name": "byrokrat/checkdigit",
            "version": "1.1.2",
            "source": {
                "type": "git",
                "url": "https://github.com/byrokrat/checkdigit.git",
                "reference": "e5e855739853053f37f60fe1be94ff4b4baf86cf"
            },
            "dist": {
                "type": "zip",
                "url": "https://api.github.com/repos/byrokrat/checkdigit/zipball/e5e855739853053f37f60fe1be94ff4b4baf86cf",
                "reference": "e5e855739853053f37f60fe1be94ff4b4baf86cf",
                "shasum": ""
            },
            "require": {
                "ext-bcmath": "*",
                "php": ">=5.4"
            },
            "type": "library",
            "autoload": {
                "psr-4": {
                    "byrokrat\\checkdigit\\": "src/"
                }
            },
            "notification-url": "https://packagist.org/downloads/",
            "license": [
                "WTFPL"
            ],
            "authors": [
                {
                    "name": "Hannes Forsgård",
                    "email": "hannes.forsgard@fripost.org"
                }
            ],
            "description": "Helper classes to calculate and validate ckecksums",
            "homepage": "https://github.com/byrokrat/checkdigit",
            "keywords": [
                "Check digit",
                "luhn",
                "modulo 10",
                "modulo 11",
                "modulo 97"
            ],
            "time": "2016-08-18T20:17:39+00:00"
        },
        {
            "name": "byrokrat/id",
            "version": "1.0.2",
            "source": {
                "type": "git",
                "url": "https://github.com/byrokrat/id.git",
                "reference": "662ca5f47d54a606687e14e6faf982555b28376f"
            },
            "dist": {
                "type": "zip",
                "url": "https://api.github.com/repos/byrokrat/id/zipball/662ca5f47d54a606687e14e6faf982555b28376f",
                "reference": "662ca5f47d54a606687e14e6faf982555b28376f",
                "shasum": ""
            },
            "require": {
                "byrokrat/checkdigit": "~1.0",
                "php": ">=5.4"
            },
            "type": "library",
            "autoload": {
                "psr-4": {
                    "byrokrat\\id\\": "src/"
                }
            },
            "notification-url": "https://packagist.org/downloads/",
            "license": [
                "WTFPL"
            ],
            "authors": [
                {
                    "name": "Hannes Forsgård",
                    "email": "hannes.forsgard@fripost.org"
                }
            ],
            "description": "Data types for swedish social security and corporation id numbers",
            "homepage": "https://github.com/byrokrat/id",
            "keywords": [
                "Corporation id",
                "Organisationsnummer",
                "Personal id",
                "Personnummer",
                "Social security number",
                "id"
            ],
            "time": "2016-08-18T21:04:10+00:00"
        },
        {
            "name": "container-interop/container-interop",
            "version": "1.2.0",
            "source": {
                "type": "git",
                "url": "https://github.com/container-interop/container-interop.git",
                "reference": "79cbf1341c22ec75643d841642dd5d6acd83bdb8"
            },
            "dist": {
                "type": "zip",
                "url": "https://api.github.com/repos/container-interop/container-interop/zipball/79cbf1341c22ec75643d841642dd5d6acd83bdb8",
                "reference": "79cbf1341c22ec75643d841642dd5d6acd83bdb8",
                "shasum": ""
            },
            "require": {
                "psr/container": "^1.0"
            },
            "type": "library",
            "autoload": {
                "psr-4": {
                    "Interop\\Container\\": "src/Interop/Container/"
                }
            },
            "notification-url": "https://packagist.org/downloads/",
            "license": [
                "MIT"
            ],
            "description": "Promoting the interoperability of container objects (DIC, SL, etc.)",
            "homepage": "https://github.com/container-interop/container-interop",
            "time": "2017-02-14T19:40:03+00:00"
        },
        {
            "name": "hanneskod/yaysondb",
            "version": "1.0.0",
            "source": {
                "type": "git",
                "url": "https://github.com/hanneskod/yaysondb.git",
                "reference": "c93d1ee441f4a21ba4c5c35f10280cdee6f7ac06"
            },
            "dist": {
                "type": "zip",
                "url": "https://api.github.com/repos/hanneskod/yaysondb/zipball/c93d1ee441f4a21ba4c5c35f10280cdee6f7ac06",
                "reference": "c93d1ee441f4a21ba4c5c35f10280cdee6f7ac06",
                "shasum": ""
            },
            "require": {
                "php": ">=5.6"
            },
            "type": "library",
            "autoload": {
                "psr-4": {
                    "hanneskod\\yaysondb\\": "src/"
                }
            },
            "notification-url": "https://packagist.org/downloads/",
            "license": [
                "WTFPL"
            ],
            "authors": [
                {
                    "name": "Hannes Forsgård",
                    "email": "hannes.forsgard@fripost.org"
                }
            ],
            "description": "Flat file db storing data as json arrays",
            "homepage": "https://github.com/hanneskod/yaysondb",
            "keywords": [
                "database",
                "json",
                "jsondb",
                "nosql"
            ],
            "time": "2014-10-16T14:12:57+00:00"
        },
        {
            "name": "psr/container",
            "version": "1.0.0",
            "source": {
                "type": "git",
                "url": "https://github.com/php-fig/container.git",
                "reference": "b7ce3b176482dbbc1245ebf52b181af44c2cf55f"
            },
            "dist": {
                "type": "zip",
                "url": "https://api.github.com/repos/php-fig/container/zipball/b7ce3b176482dbbc1245ebf52b181af44c2cf55f",
                "reference": "b7ce3b176482dbbc1245ebf52b181af44c2cf55f",
                "shasum": ""
            },
            "require": {
                "php": ">=5.3.0"
            },
            "type": "library",
            "extra": {
                "branch-alias": {
                    "dev-master": "1.0.x-dev"
                }
            },
            "autoload": {
                "psr-4": {
                    "Psr\\Container\\": "src/"
                }
            },
            "notification-url": "https://packagist.org/downloads/",
            "license": [
                "MIT"
            ],
            "authors": [
                {
                    "name": "PHP-FIG",
                    "homepage": "http://www.php-fig.org/"
                }
            ],
            "description": "Common Container Interface (PHP FIG PSR-11)",
            "homepage": "https://github.com/php-fig/container",
            "keywords": [
                "PSR-11",
                "container",
                "container-interface",
                "container-interop",
                "psr"
            ],
            "time": "2017-02-14T16:28:37+00:00"
        },
        {
            "name": "psr/log",
            "version": "1.0.2",
            "source": {
                "type": "git",
                "url": "https://github.com/php-fig/log.git",
                "reference": "4ebe3a8bf773a19edfe0a84b6585ba3d401b724d"
            },
            "dist": {
                "type": "zip",
                "url": "https://api.github.com/repos/php-fig/log/zipball/4ebe3a8bf773a19edfe0a84b6585ba3d401b724d",
                "reference": "4ebe3a8bf773a19edfe0a84b6585ba3d401b724d",
                "shasum": ""
            },
            "require": {
                "php": ">=5.3.0"
            },
            "type": "library",
            "extra": {
                "branch-alias": {
                    "dev-master": "1.0.x-dev"
                }
            },
            "autoload": {
                "psr-4": {
                    "Psr\\Log\\": "Psr/Log/"
                }
            },
            "notification-url": "https://packagist.org/downloads/",
            "license": [
                "MIT"
            ],
            "authors": [
                {
                    "name": "PHP-FIG",
                    "homepage": "http://www.php-fig.org/"
                }
            ],
            "description": "Common interface for logging libraries",
            "homepage": "https://github.com/php-fig/log",
            "keywords": [
                "log",
                "psr",
                "psr-3"
            ],
            "time": "2016-10-10T12:19:37+00:00"
        },
        {
            "name": "symfony/console",
            "version": "v3.3.2",
            "source": {
                "type": "git",
                "url": "https://github.com/symfony/console.git",
                "reference": "70d2a29b2911cbdc91a7e268046c395278238b2e"
            },
            "dist": {
                "type": "zip",
                "url": "https://api.github.com/repos/symfony/console/zipball/70d2a29b2911cbdc91a7e268046c395278238b2e",
                "reference": "70d2a29b2911cbdc91a7e268046c395278238b2e",
                "shasum": ""
            },
            "require": {
                "php": ">=5.5.9",
                "symfony/debug": "~2.8|~3.0",
                "symfony/polyfill-mbstring": "~1.0"
            },
            "conflict": {
                "symfony/dependency-injection": "<3.3"
            },
            "require-dev": {
                "psr/log": "~1.0",
                "symfony/config": "~3.3",
                "symfony/dependency-injection": "~3.3",
                "symfony/event-dispatcher": "~2.8|~3.0",
                "symfony/filesystem": "~2.8|~3.0",
                "symfony/http-kernel": "~2.8|~3.0",
                "symfony/process": "~2.8|~3.0"
            },
            "suggest": {
                "psr/log": "For using the console logger",
                "symfony/event-dispatcher": "",
                "symfony/filesystem": "",
                "symfony/process": ""
            },
            "type": "library",
            "extra": {
                "branch-alias": {
                    "dev-master": "3.3-dev"
                }
            },
            "autoload": {
                "psr-4": {
                    "Symfony\\Component\\Console\\": ""
                },
                "exclude-from-classmap": [
                    "/Tests/"
                ]
            },
            "notification-url": "https://packagist.org/downloads/",
            "license": [
                "MIT"
            ],
            "authors": [
                {
                    "name": "Fabien Potencier",
                    "email": "fabien@symfony.com"
                },
                {
                    "name": "Symfony Community",
                    "homepage": "https://symfony.com/contributors"
                }
            ],
            "description": "Symfony Console Component",
            "homepage": "https://symfony.com",
            "time": "2017-06-02T19:24:58+00:00"
        },
        {
            "name": "symfony/debug",
            "version": "v3.3.2",
            "source": {
                "type": "git",
                "url": "https://github.com/symfony/debug.git",
                "reference": "e9c50482841ef696e8fa1470d950a79c8921f45d"
            },
            "dist": {
                "type": "zip",
                "url": "https://api.github.com/repos/symfony/debug/zipball/e9c50482841ef696e8fa1470d950a79c8921f45d",
                "reference": "e9c50482841ef696e8fa1470d950a79c8921f45d",
                "shasum": ""
            },
            "require": {
                "php": ">=5.5.9",
                "psr/log": "~1.0"
            },
            "conflict": {
                "symfony/http-kernel": ">=2.3,<2.3.24|~2.4.0|>=2.5,<2.5.9|>=2.6,<2.6.2"
            },
            "require-dev": {
                "symfony/http-kernel": "~2.8|~3.0"
            },
            "type": "library",
            "extra": {
                "branch-alias": {
                    "dev-master": "3.3-dev"
                }
            },
            "autoload": {
                "psr-4": {
                    "Symfony\\Component\\Debug\\": ""
                },
                "exclude-from-classmap": [
                    "/Tests/"
                ]
            },
            "notification-url": "https://packagist.org/downloads/",
            "license": [
                "MIT"
            ],
            "authors": [
                {
                    "name": "Fabien Potencier",
                    "email": "fabien@symfony.com"
                },
                {
                    "name": "Symfony Community",
                    "homepage": "https://symfony.com/contributors"
                }
            ],
            "description": "Symfony Debug Component",
            "homepage": "https://symfony.com",
            "time": "2017-06-01T21:01:25+00:00"
        },
        {
            "name": "symfony/polyfill-mbstring",
            "version": "v1.4.0",
            "source": {
                "type": "git",
                "url": "https://github.com/symfony/polyfill-mbstring.git",
                "reference": "f29dca382a6485c3cbe6379f0c61230167681937"
            },
            "dist": {
                "type": "zip",
                "url": "https://api.github.com/repos/symfony/polyfill-mbstring/zipball/f29dca382a6485c3cbe6379f0c61230167681937",
                "reference": "f29dca382a6485c3cbe6379f0c61230167681937",
                "shasum": ""
            },
            "require": {
                "php": ">=5.3.3"
            },
            "suggest": {
                "ext-mbstring": "For best performance"
            },
            "type": "library",
            "extra": {
                "branch-alias": {
                    "dev-master": "1.4-dev"
                }
            },
            "autoload": {
                "psr-4": {
                    "Symfony\\Polyfill\\Mbstring\\": ""
                },
                "files": [
                    "bootstrap.php"
                ]
            },
            "notification-url": "https://packagist.org/downloads/",
            "license": [
                "MIT"
            ],
            "authors": [
                {
                    "name": "Nicolas Grekas",
                    "email": "p@tchwork.com"
                },
                {
                    "name": "Symfony Community",
                    "homepage": "https://symfony.com/contributors"
                }
            ],
            "description": "Symfony polyfill for the Mbstring extension",
            "homepage": "https://symfony.com",
            "keywords": [
                "compatibility",
                "mbstring",
                "polyfill",
                "portable",
                "shim"
            ],
            "time": "2017-06-09T14:24:12+00:00"
        }
    ],
    "packages-dev": [],
    "aliases": [],
    "minimum-stability": "stable",
    "stability-flags": {
        "byrokrat/autogiro": 20
    },
    "prefer-stable": false,
    "prefer-lowest": false,
    "platform": {
        "php": "^7.0",
        "ext-mbstring": "*"
    },
    "platform-dev": []
}
